
Microsoft Visual Studio Solution File, Format Version 12.00
# Visual Studio Version 16
VisualStudioVersion = 16.0.31019.194
MinimumVisualStudioVersion = 10.0.40219.1
Project("{FAE04EC0-301F-11D3-BF4B-00C04F79EFBC}") = "BankingChallenge.Logic", "BankingChallenge.Logic\BankingChallenge.Logic.csproj", "{47F2D76E-53D7-4F29-A291-AAD61F74F5F0}"
EndProject
Project("{FAE04EC0-301F-11D3-BF4B-00C04F79EFBC}") = "BankingChallenge.ConsoleApp", "BankingChallenge.ConsoleApp\BankingChallenge.ConsoleApp.csproj", "{3BD4E03A-2DD4-49C0-BF89-AAEBE53F8937}"
EndProject
Project("{FAE04EC0-301F-11D3-BF4B-00C04F79EFBC}") = "BankingChallenge.Logic.Tests", "BankingChallenge.Logic.Tests\BankingChallenge.Logic.Tests.csproj", "{620F4717-DEA1-42CD-8464-D3A33BE3D2BA}"
EndProject
Global
	GlobalSection(SolutionConfigurationPlatforms) = preSolution
		Debug|Any CPU = Debug|Any CPU
		Release|Any CPU = Release|Any CPU
	EndGlobalSection
	GlobalSection(ProjectConfigurationPlatforms) = postSolution
		{47F2D76E-53D7-4F29-A291-AAD61F74F5F0}.Debug|Any CPU.ActiveCfg = Debug|Any CPU
		{47F2D76E-53D7-4F29-A291-AAD61F74F5F0}.Debug|Any CPU.Build.0 = Debug|Any CPU
		{47F2D76E-53D7-4F29-A291-AAD61F74F5F0}.Release|Any CPU.ActiveCfg = Release|Any CPU
		{47F2D76E-53D7-4F29-A291-AAD61F74F5F0}.Release|Any CPU.Build.0 = Release|Any CPU
		{3BD4E03A-2DD4-49C0-BF89-AAEBE53F8937}.Debug|Any CPU.ActiveCfg = Debug|Any CPU
		{3BD4E03A-2DD4-49C0-BF89-AAEBE53F8937}.Debug|Any CPU.Build.0 = Debug|Any CPU
		{3BD4E03A-2DD4-49C0-BF89-AAEBE53F8937}.Release|Any CPU.ActiveCfg = Release|Any CPU
		{3BD4E03A-2DD4-49C0-BF89-AAEBE53F8937}.Release|Any CPU.Build.0 = Release|Any CPU
		{620F4717-DEA1-42CD-8464-D3A33BE3D2BA}.Debug|Any CPU.ActiveCfg = Debug|Any CPU
		{620F4717-DEA1-42CD-8464-D3A33BE3D2BA}.Debug|Any CPU.Build.0 = Debug|Any CPU
		{620F4717-DEA1-42CD-8464-D3A33BE3D2BA}.Release|Any CPU.ActiveCfg = Release|Any CPU
		{620F4717-DEA1-42CD-8464-D3A33BE3D2BA}.Release|Any CPU.Build.0 = Release|Any CPU
	EndGlobalSection
	GlobalSection(SolutionProperties) = preSolution
		HideSolutionNode = FALSE
	EndGlobalSection
	GlobalSection(ExtensibilityGlobals) = postSolution
		SolutionGuid = {66EE5C84-DAF8-4D33-BD05-7E28BC28F6E8}
	EndGlobalSection
EndGlobal
